
Microsoft Visual Studio Solution File, Format Version 12.00
# Visual Studio Version 17
VisualStudioVersion = 17.6.33815.320
MinimumVisualStudioVersion = 10.0.40219.1
Project("{FAE04EC0-301F-11D3-BF4B-00C04F79EFBC}") = "Arkance", "Arkance.csproj", "{2EC3F913-977D-4A0E-A7B9-D415D5FD11CD}"
EndProject
Global
	GlobalSection(SolutionConfigurationPlatforms) = preSolution
		Debug|Any CPU = Debug|Any CPU
		Release|Any CPU = Release|Any CPU
	EndGlobalSection
	GlobalSection(ProjectConfigurationPlatforms) = postSolution
		{2EC3F913-977D-4A0E-A7B9-D415D5FD11CD}.Debug|Any CPU.ActiveCfg = Debug|Any CPU
		{2EC3F913-977D-4A0E-A7B9-D415D5FD11CD}.Debug|Any CPU.Build.0 = Debug|Any CPU
		{2EC3F913-977D-4A0E-A7B9-D415D5FD11CD}.Release|Any CPU.ActiveCfg = Release|Any CPU
		{2EC3F913-977D-4A0E-A7B9-D415D5FD11CD}.Release|Any CPU.Build.0 = Release|Any CPU
	EndGlobalSection
	GlobalSection(SolutionProperties) = preSolution
		HideSolutionNode = FALSE
	EndGlobalSection
	GlobalSection(ExtensibilityGlobals) = postSolution
		SolutionGuid = {0E00107E-8DC0-49AF-B270-C4E5CFCB2C2C}
	EndGlobalSection
EndGlobal
